<?xml version="1.0" encoding="utf-8"?>
<Project ToolsVersion="4.0" xmlns="http://schemas.microsoft.com/developer/msbuild/2003">
  <ItemGroup>
    <ClCompile Include="Source\UniversalDataSystem.cpp">
      <Filter>Source</Filter>
    </ClCompile>
    <ClCompile Include="Source\CoreMain.cpp">
      <Filter>Source</Filter>
    </ClCompile>
    <ClCompile Include="Source\Users.cpp">
      <Filter>Source</Filter>
    </ClCompile>
    <ClCompile Include="Source\GameIntent.cpp">
      <Filter>Source</Filter>
    </ClCompile>
    <ClCompile Include="Source\WebApi.cpp">
      <Filter>Source</Filter>
    </ClCompile>
    <ClCompile Include="Source\WebApiNotifications.cpp">
      <Filter>Source</Filter>
    </ClCompile>
    <ClCompile Include="Source\TrophyService.cpp">
      <Filter>Source</Filter>
    </ClCompile>
    <ClCompile Include="Source\FeatureGating.cpp">
      <Filter>Source</Filter>
    </ClCompile>
    <ClCompile Include="Source\OnlineSafety.cpp">
      <Filter>Source</Filter>
    </ClCompile>
    <ClCompile Include="Source\Authentication.cpp">
      <Filter>Source</Filter>
    </ClCompile>
    <ClCompile Include="Source\PlayerSession.cpp">
      <Filter>Source</Filter>
    </ClCompile>
    <ClCompile Include="Source\SessionsManager.cpp">
      <Filter>Source</Filter>
    </ClCompile>
    <ClCompile Include="Source\WebApiPushEvents.cpp">
      <Filter>Source</Filter>
    </ClCompile>
    <ClCompile Include="Source\Utils.cpp">
      <Filter>Source</Filter>
    </ClCompile>
    <ClCompile Include="Source\Entitlements.cpp">
      <Filter>Source</Filter>
    </ClCompile>
    <ClCompile Include="Source\GameSession.cpp">
      <Filter>Source</Filter>
    </ClCompile>
    <ClCompile Include="Source\Matches.cpp">
      <Filter>Source</Filter>
    </ClCompile>
    <ClCompile Include="Source\Commerce.cpp">
      <Filter>Source</Filter>
    </ClCompile>
    <ClCompile Include="Source\PlayerReviewDialog.cpp">
      <Filter>Source</Filter>
    </ClCompile>
    <ClCompile Include="Source\MsgDialog.cpp">
      <Filter>Source</Filter>
    </ClCompile>
    <ClCompile Include="Source\Leaderboards.cpp">
      <Filter>Source</Filter>
    </ClCompile>
    <ClCompile Include="Source\MatchMaking.cpp">
      <Filter>Source</Filter>
    </ClCompile>
    <ClCompile Include="Source\SessionSignalling.cpp">
      <Filter>Source</Filter>
    </ClCompile>
    <ClCompile Include="Source\Sockets.cpp">
      <Filter>Source</Filter>
    </ClCompile>
    <ClCompile Include="Source\TitleCloudStorage.cpp">
      <Filter>Source</Filter>
    </ClCompile>
    <ClCompile Include="Source\GameUpdate.cpp">
      <Filter>Source</Filter>
    </ClCompile>
    <ClCompile Include="Source\PlayerInvitationDialog.cpp">
      <Filter>Source</Filter>
    </ClCompile>
    <ClCompile Include="Source\Bandwidth.cpp">
      <Filter>Source</Filter>
    </ClCompile>
  </ItemGroup>
  <ItemGroup>
    <ClInclude Include="Source\UniversalDataSystem.h">
      <Filter>Source</Filter>
    </ClInclude>
    <ClInclude Include="Source\CoreMain.h">
      <Filter>Source</Filter>
    </ClInclude>
    <ClInclude Include="Source\Users.h">
      <Filter>Source</Filter>
    </ClInclude>
    <ClInclude Include="Source\GameIntent.h">
      <Filter>Source</Filter>
    </ClInclude>
    <ClInclude Include="Source\WebApi.h">
      <Filter>Source</Filter>
    </ClInclude>
    <ClInclude Include="Source\WebApiNotifications.h">
      <Filter>Source</Filter>
    </ClInclude>
    <ClInclude Include="Source\TrophyService.h">
      <Filter>Source</Filter>
    </ClInclude>
    <ClInclude Include="Source\FeatureGating.h">
      <Filter>Source</Filter>
    </ClInclude>
    <ClInclude Include="Source\OnlineSafety.h">
      <Filter>Source</Filter>
    </ClInclude>
    <ClInclude Include="Source\Authentication.h">
      <Filter>Source</Filter>
    </ClInclude>
    <ClInclude Include="Source\PlayerSession.h">
      <Filter>Source</Filter>
    </ClInclude>
    <ClInclude Include="Source\SessionsManager.h">
      <Filter>Source</Filter>
    </ClInclude>
    <ClInclude Include="Source\Utils.h">
      <Filter>Source</Filter>
    </ClInclude>
    <ClInclude Include="Source\WebApiPushEvents.h">
      <Filter>Source</Filter>
    </ClInclude>
    <ClInclude Include="Source\SessionMap.h">
      <Filter>Source</Filter>
    </ClInclude>
    <ClInclude Include="Source\Entitlements.h">
      <Filter>Source</Filter>
    </ClInclude>
    <ClInclude Include="Source\GameSession.h">
      <Filter>Source</Filter>
    </ClInclude>
    <ClInclude Include="Source\Matches.h">
      <Filter>Source</Filter>
    </ClInclude>
    <ClInclude Include="Source\Commerce.h">
      <Filter>Source</Filter>
    </ClInclude>
    <ClInclude Include="Source\PlayerReviewDialog.h">
      <Filter>Source</Filter>
    </ClInclude>
    <ClInclude Include="Source\MsgDialog.h">
      <Filter>Source</Filter>
    </ClInclude>
    <ClInclude Include="Source\Leaderboards.h">
      <Filter>Source</Filter>
    </ClInclude>
    <ClInclude Include="Source\MatchMaking.h">
      <Filter>Source</Filter>
    </ClInclude>
    <ClInclude Include="Source\SessionSignalling.h">
      <Filter>Source</Filter>
    </ClInclude>
    <ClInclude Include="Source\Sockets.h">
      <Filter>Source</Filter>
    </ClInclude>
    <ClInclude Include="Source\TitleCloudStorage.h">
      <Filter>Source</Filter>
    </ClInclude>
    <ClInclude Include="Source\GameUpdate.h">
      <Filter>Source</Filter>
    </ClInclude>
    <ClInclude Include="Source\PlayerInvitationDialog.h">
      <Filter>Source</Filter>
    </ClInclude>
    <ClInclude Include="Source\Bandwidth.h">
      <Filter>Source</Filter>
    </ClInclude>
  </ItemGroup>
  <ItemGroup>
    <Filter Include="Source">
      <UniqueIdentifier>{8f87ccce-64a6-4aa6-8e8a-250d53b8dd8a}</UniqueIdentifier>
    </Filter>
  </ItemGroup>
</Project>